// !$*UTF8*$!
{
	archiveVersion = 1;
	classes = {
	};
	objectVersion = 55;
	objects = {

/* Begin PBXBuildFile section */
		4A80B94728C7D0EE0041B26D /* AppDelegate.swift in Sources */ = {isa = PBXBuildFile; fileRef = 4A80B94628C7D0EE0041B26D /* AppDelegate.swift */; };
		4A80B94B28C7D0EE0041B26D /* TableViewController.swift in Sources */ = {isa = PBXBuildFile; fileRef = 4A80B94A28C7D0EE0041B26D /* TableViewController.swift */; };
		4A80B95028C7D0EE0041B26D /* Assets.xcassets in Resources */ = {isa = PBXBuildFile; fileRef = 4A80B94F28C7D0EE0041B26D /* Assets.xcassets */; };
		4A80B95328C7D0EE0041B26D /* LaunchScreen.storyboard in Resources */ = {isa = PBXBuildFile; fileRef = 4A80B95128C7D0EE0041B26D /* LaunchScreen.storyboard */; };
		4A80B96128C7DB960041B26D /* CustomCell.swift in Sources */ = {isa = PBXBuildFile; fileRef = 4A80B96028C7DB960041B26D /* CustomCell.swift */; };
		4A80B97028C7DFA40041B26D /* ModelForCellModels.swift in Sources */ = {isa = PBXBuildFile; fileRef = 4A80B96F28C7DFA40041B26D /* ModelForCellModels.swift */; };
		E18AB18DFDD339E10543A80C /* Pods_FirstTableView.framework in Frameworks */ = {isa = PBXBuildFile; fileRef = 772752BCF151DC434B88369A /* Pods_FirstTableView.framework */; };
/* End PBXBuildFile section */

/* Begin PBXFileReference section */
		039E78C81A7DF80A92C5D2C1 /* Pods-FirstTableView.release.xcconfig */ = {isa = PBXFileReference; includeInIndex = 1; lastKnownFileType = text.xcconfig; name = "Pods-FirstTableView.release.xcconfig"; path = "Target Support Files/Pods-FirstTableView/Pods-FirstTableView.release.xcconfig"; sourceTree = "<group>"; };
		348E7CB74A42C093AA9569CA /* Pods-FirstTableView.debug.xcconfig */ = {isa = PBXFileReference; includeInIndex = 1; lastKnownFileType = text.xcconfig; name = "Pods-FirstTableView.debug.xcconfig"; path = "Target Support Files/Pods-FirstTableView/Pods-FirstTableView.debug.xcconfig"; sourceTree = "<group>"; };
		4A80B94328C7D0EE0041B26D /* SimpleTableViewWithCellClass.app */ = {isa = PBXFileReference; explicitFileType = wrapper.application; includeInIndex = 0; path = SimpleTableViewWithCellClass.app; sourceTree = BUILT_PRODUCTS_DIR; };
		4A80B94628C7D0EE0041B26D /* AppDelegate.swift */ = {isa = PBXFileReference; lastKnownFileType = sourcecode.swift; path = AppDelegate.swift; sourceTree = "<group>"; };
		4A80B94A28C7D0EE0041B26D /* TableViewController.swift */ = {isa = PBXFileReference; lastKnownFileType = sourcecode.swift; path = TableViewController.swift; sourceTree = "<group>"; };
		4A80B94F28C7D0EE0041B26D /* Assets.xcassets */ = {isa = PBXFileReference; lastKnownFileType = folder.assetcatalog; path = Assets.xcassets; sourceTree = "<group>"; };
		4A80B95228C7D0EE0041B26D /* Base */ = {isa = PBXFileReference; lastKnownFileType = file.storyboard; name = Base; path = Base.lproj/LaunchScreen.storyboard; sourceTree = "<group>"; };
		4A80B95428C7D0EE0041B26D /* Info.plist */ = {isa = PBXFileReference; lastKnownFileType = text.plist.xml; path = Info.plist; sourceTree = "<group>"; };
		4A80B96028C7DB960041B26D /* CustomCell.swift */ = {isa = PBXFileReference; lastKnownFileType = sourcecode.swift; path = CustomCell.swift; sourceTree = "<group>"; };
		4A80B96F28C7DFA40041B26D /* ModelForCellModels.swift */ = {isa = PBXFileReference; lastKnownFileType = sourcecode.swift; path = ModelForCellModels.swift; sourceTree = "<group>"; };
		772752BCF151DC434B88369A /* Pods_FirstTableView.framework */ = {isa = PBXFileReference; explicitFileType = wrapper.framework; includeInIndex = 0; path = Pods_FirstTableView.framework; sourceTree = BUILT_PRODUCTS_DIR; };
/* End PBXFileReference section */

/* Begin PBXFrameworksBuildPhase section */
		4A80B94028C7D0EE0041B26D /* Frameworks */ = {
			isa = PBXFrameworksBuildPhase;
			buildActionMask = 2147483647;
			files = (
				E18AB18DFDD339E10543A80C /* Pods_FirstTableView.framework in Frameworks */,
			);
			runOnlyForDeploymentPostprocessing = 0;
		};
/* End PBXFrameworksBuildPhase section */

/* Begin PBXGroup section */
		3F05BB170A6DC9A03539FE09 /* Frameworks */ = {
			isa = PBXGroup;
			children = (
				772752BCF151DC434B88369A /* Pods_FirstTableView.framework */,
			);
			name = Frameworks;
			sourceTree = "<group>";
		};
		4A0CC94928DF7CA300CA52D0 /* App */ = {
			isa = PBXGroup;
			children = (
			);
			path = App;
			sourceTree = "<group>";
		};
		4A80B93A28C7D0EE0041B26D = {
			isa = PBXGroup;
			children = (
				4A80B94528C7D0EE0041B26D /* FirstTableView */,
				4A80B94428C7D0EE0041B26D /* Products */,
				6B87BCDF18C42534171C8841 /* Pods */,
				3F05BB170A6DC9A03539FE09 /* Frameworks */,
			);
			sourceTree = "<group>";
		};
		4A80B94428C7D0EE0041B26D /* Products */ = {
			isa = PBXGroup;
			children = (
				4A80B94328C7D0EE0041B26D /* SimpleTableViewWithCellClass.app */,
			);
			name = Products;
			sourceTree = "<group>";
		};
		4A80B94528C7D0EE0041B26D /* FirstTableView */ = {
			isa = PBXGroup;
			children = (
				4A80B94628C7D0EE0041B26D /* AppDelegate.swift */,
				4A80B96F28C7DFA40041B26D /* ModelForCellModels.swift */,
				4A80B96028C7DB960041B26D /* CustomCell.swift */,
				4A80B94A28C7D0EE0041B26D /* TableViewController.swift */,
				4A80B94F28C7D0EE0041B26D /* Assets.xcassets */,
				4A80B95128C7D0EE0041B26D /* LaunchScreen.storyboard */,
				4A80B95428C7D0EE0041B26D /* Info.plist */,
				4A0CC94928DF7CA300CA52D0 /* App */,
			);
			path = FirstTableView;
			sourceTree = "<group>";
		};
		6B87BCDF18C42534171C8841 /* Pods */ = {
			isa = PBXGroup;
			children = (
				348E7CB74A42C093AA9569CA /* Pods-FirstTableView.debug.xcconfig */,
				039E78C81A7DF80A92C5D2C1 /* Pods-FirstTableView.release.xcconfig */,
			);
			path = Pods;
			sourceTree = "<group>";
		};
/* End PBXGroup section */

/* Begin PBXNativeTarget section */
		4A80B94228C7D0EE0041B26D /* SimpleTableViewWithCellClass */ = {
			isa = PBXNativeTarget;
			buildConfigurationList = 4A80B95728C7D0EE0041B26D /* Build configuration list for PBXNativeTarget "SimpleTableViewWithCellClass" */;
			buildPhases = (
				949B614B13EB38404D6007A6 /* [CP] Check Pods Manifest.lock */,
				4A80B93F28C7D0EE0041B26D /* Sources */,
				4A80B94028C7D0EE0041B26D /* Frameworks */,
				4A80B94128C7D0EE0041B26D /* Resources */,
				CCF4427E37F97381D63F33C7 /* [CP] Embed Pods Frameworks */,
			);
			buildRules = (
			);
			dependencies = (
			);
			name = SimpleTableViewWithCellClass;
			productName = FirstTableView;
			productReference = 4A80B94328C7D0EE0041B26D /* SimpleTableViewWithCellClass.app */;
			productType = "com.apple.product-type.application";
		};
/* End PBXNativeTarget section */

/* Begin PBXProject section */
		4A80B93B28C7D0EE0041B26D /* Project object */ = {
			isa = PBXProject;
			attributes = {
				BuildIndependentTargetsInParallel = 1;
				LastSwiftUpdateCheck = 1340;
				LastUpgradeCheck = 1340;
				TargetAttributes = {
					4A80B94228C7D0EE0041B26D = {
						CreatedOnToolsVersion = 13.4.1;
					};
				};
			};
			buildConfigurationList = 4A80B93E28C7D0EE0041B26D /* Build configuration list for PBXProject "SimpleTableViewWithCellClass" */;
			compatibilityVersion = "Xcode 13.0";
			developmentRegion = en;
			hasScannedForEncodings = 0;
			knownRegions = (
				en,
				Base,
			);
			mainGroup = 4A80B93A28C7D0EE0041B26D;
			productRefGroup = 4A80B94428C7D0EE0041B26D /* Products */;
			projectDirPath = "";
			projectRoot = "";
			targets = (
				4A80B94228C7D0EE0041B26D /* SimpleTableViewWithCellClass */,
			);
		};
/* End PBXProject section */

/* Begin PBXResourcesBuildPhase section */
		4A80B94128C7D0EE0041B26D /* Resources */ = {
			isa = PBXResourcesBuildPhase;
			buildActionMask = 2147483647;
			files = (
				4A80B95328C7D0EE0041B26D /* LaunchScreen.storyboard in Resources */,
				4A80B95028C7D0EE0041B26D /* Assets.xcassets in Resources */,
			);
			runOnlyForDeploymentPostprocessing = 0;
		};
/* End PBXResourcesBuildPhase section */

/* Begin PBXShellScriptBuildPhase section */
		949B614B13EB38404D6007A6 /* [CP] Check Pods Manifest.lock */ = {
			isa = PBXShellScriptBuildPhase;
			buildActionMask = 2147483647;
			files = (
			);
			inputFileListPaths = (
			);
			inputPaths = (
				"${PODS_PODFILE_DIR_PATH}/Podfile.lock",
				"${PODS_ROOT}/Manifest.lock",
			);
			name = "[CP] Check Pods Manifest.lock";
			outputFileListPaths = (
			);
			outputPaths = (
				"$(DERIVED_FILE_DIR)/Pods-FirstTableView-checkManifestLockResult.txt",
			);
			runOnlyForDeploymentPostprocessing = 0;
			shellPath = /bin/sh;
			shellScript = "diff \"${PODS_PODFILE_DIR_PATH}/Podfile.lock\" \"${PODS_ROOT}/Manifest.lock\" > /dev/null\nif [ $? != 0 ] ; then\n    # print error to STDERR\n    echo \"error: The sandbox is not in sync with the Podfile.lock. Run 'pod install' or update your CocoaPods installation.\" >&2\n    exit 1\nfi\n# This output is used by Xcode 'outputs' to avoid re-running this script phase.\necho \"SUCCESS\" > \"${SCRIPT_OUTPUT_FILE_0}\"\n";
			showEnvVarsInLog = 0;
		};
		CCF4427E37F97381D63F33C7 /* [CP] Embed Pods Frameworks */ = {
			isa = PBXShellScriptBuildPhase;
			buildActionMask = 2147483647;
			files = (
			);
			inputFileListPaths = (
				"${PODS_ROOT}/Target Support Files/Pods-FirstTableView/Pods-FirstTableView-frameworks-${CONFIGURATION}-input-files.xcfilelist",
			);
			name = "[CP] Embed Pods Frameworks";
			outputFileListPaths = (
				"${PODS_ROOT}/Target Support Files/Pods-FirstTableView/Pods-FirstTableView-frameworks-${CONFIGURATION}-output-files.xcfilelist",
			);
			runOnlyForDeploymentPostprocessing = 0;
			shellPath = /bin/sh;
			shellScript = "\"${PODS_ROOT}/Target Support Files/Pods-FirstTableView/Pods-FirstTableView-frameworks.sh\"\n";
			showEnvVarsInLog = 0;
		};
/* End PBXShellScriptBuildPhase section */

/* Begin PBXSourcesBuildPhase section */
		4A80B93F28C7D0EE0041B26D /* Sources */ = {
			isa = PBXSourcesBuildPhase;
			buildActionMask = 2147483647;
			files = (
				4A80B94B28C7D0EE0041B26D /* TableViewController.swift in Sources */,
				4A80B94728C7D0EE0041B26D /* AppDelegate.swift in Sources */,
				4A80B96128C7DB960041B26D /* CustomCell.swift in Sources */,
				4A80B97028C7DFA40041B26D /* ModelForCellModels.swift in Sources */,
			);
			runOnlyForDeploymentPostprocessing = 0;
		};
/* End PBXSourcesBuildPhase section */

/* Begin PBXVariantGroup section */
		4A80B95128C7D0EE0041B26D /* LaunchScreen.storyboard */ = {
			isa = PBXVariantGroup;
			children = (
				4A80B95228C7D0EE0041B26D /* Base */,
			);
			name = LaunchScreen.storyboard;
			sourceTree = "<group>";
		};
/* End PBXVariantGroup section */

/* Begin XCBuildConfiguration section */
		4A80B95528C7D0EE0041B26D /* Debug */ = {
			isa = XCBuildConfiguration;
			buildSettings = {
				ALWAYS_SEARCH_USER_PATHS = NO;
				CLANG_ANALYZER_NONNULL = YES;
				CLANG_ANALYZER_NUMBER_OBJECT_CONVERSION = YES_AGGRESSIVE;
				CLANG_CXX_LANGUAGE_STANDARD = "gnu++17";
				CLANG_ENABLE_MODULES = YES;
				CLANG_ENABLE_OBJC_ARC = YES;
				CLANG_ENABLE_OBJC_WEAK = YES;
				CLANG_WARN_BLOCK_CAPTURE_AUTORELEASING = YES;
				CLANG_WARN_BOOL_CONVERSION = YES;
				CLANG_WARN_COMMA = YES;
				CLANG_WARN_CONSTANT_CONVERSION = YES;
				CLANG_WARN_DEPRECATED_OBJC_IMPLEMENTATIONS = YES;
				CLANG_WARN_DIRECT_OBJC_ISA_USAGE = YES_ERROR;
				CLANG_WARN_DOCUMENTATION_COMMENTS = YES;
				CLANG_WARN_EMPTY_BODY = YES;
				CLANG_WARN_ENUM_CONVERSION = YES;
				CLANG_WARN_INFINITE_RECURSION = YES;
				CLANG_WARN_INT_CONVERSION = YES;
				CLANG_WARN_NON_LITERAL_NULL_CONVERSION = YES;
				CLANG_WARN_OBJC_IMPLICIT_RETAIN_SELF = YES;
				CLANG_WARN_OBJC_LITERAL_CONVERSION = YES;
				CLANG_WARN_OBJC_ROOT_CLASS = YES_ERROR;
				CLANG_WARN_QUOTED_INCLUDE_IN_FRAMEWORK_HEADER = YES;
				CLANG_WARN_RANGE_LOOP_ANALYSIS = YES;
				CLANG_WARN_STRICT_PROTOTYPES = YES;
				CLANG_WARN_SUSPICIOUS_MOVE = YES;
				CLANG_WARN_UNGUARDED_AVAILABILITY = YES_AGGRESSIVE;
				CLANG_WARN_UNREACHABLE_CODE = YES;
				CLANG_WARN__DUPLICATE_METHOD_MATCH = YES;
				COPY_PHASE_STRIP = NO;
				DEBUG_INFORMATION_FORMAT = dwarf;
				ENABLE_STRICT_OBJC_MSGSEND = YES;
				ENABLE_TESTABILITY = YES;
				GCC_C_LANGUAGE_STANDARD = gnu11;
				GCC_DYNAMIC_NO_PIC = NO;
				GCC_NO_COMMON_BLOCKS = YES;
				GCC_OPTIMIZATION_LEVEL = 0;
				GCC_PREPROCESSOR_DEFINITIONS = (
					"DEBUG=1",
					"$(inherited)",
				);
				GCC_WARN_64_TO_32_BIT_CONVERSION = YES;
				GCC_WARN_ABOUT_RETURN_TYPE = YES_ERROR;
				GCC_WARN_UNDECLARED_SELECTOR = YES;
				GCC_WARN_UNINITIALIZED_AUTOS = YES_AGGRESSIVE;
				GCC_WARN_UNUSED_FUNCTION = YES;
				GCC_WARN_UNUSED_VARIABLE = YES;
				IPHONEOS_DEPLOYMENT_TARGET = 15.5;
				MTL_ENABLE_DEBUG_INFO = INCLUDE_SOURCE;
				MTL_FAST_MATH = YES;
				ONLY_ACTIVE_ARCH = YES;
				SDKROOT = iphoneos;
				SWIFT_ACTIVE_COMPILATION_CONDITIONS = DEBUG;
				SWIFT_OPTIMIZATION_LEVEL = "-Onone";
			};
			name = Debug;
		};
		4A80B95628C7D0EE0041B26D /* Release */ = {
			isa = XCBuildConfiguration;
			buildSettings = {
				ALWAYS_SEARCH_USER_PATHS = NO;
				CLANG_ANALYZER_NONNULL = YES;
				CLANG_ANALYZER_NUMBER_OBJECT_CONVERSION = YES_AGGRESSIVE;
				CLANG_CXX_LANGUAGE_STANDARD = "gnu++17";
				CLANG_ENABLE_MODULES = YES;
				CLANG_ENABLE_OBJC_ARC = YES;
				CLANG_ENABLE_OBJC_WEAK = YES;
				CLANG_WARN_BLOCK_CAPTURE_AUTORELEASING = YES;
				CLANG_WARN_BOOL_CONVERSION = YES;
				CLANG_WARN_COMMA = YES;
				CLANG_WARN_CONSTANT_CONVERSION = YES;
				CLANG_WARN_DEPRECATED_OBJC_IMPLEMENTATIONS = YES;
				CLANG_WARN_DIRECT_OBJC_ISA_USAGE = YES_ERROR;
				CLANG_WARN_DOCUMENTATION_COMMENTS = YES;
				CLANG_WARN_EMPTY_BODY = YES;
				CLANG_WARN_ENUM_CONVERSION = YES;
				CLANG_WARN_INFINITE_RECURSION = YES;
				CLANG_WARN_INT_CONVERSION = YES;
				CLANG_WARN_NON_LITERAL_NULL_CONVERSION = YES;
				CLANG_WARN_OBJC_IMPLICIT_RETAIN_SELF = YES;
				CLANG_WARN_OBJC_LITERAL_CONVERSION = YES;
				CLANG_WARN_OBJC_ROOT_CLASS = YES_ERROR;
				CLANG_WARN_QUOTED_INCLUDE_IN_FRAMEWORK_HEADER = YES;
				CLANG_WARN_RANGE_LOOP_ANALYSIS = YES;
				CLANG_WARN_STRICT_PROTOTYPES = YES;
				CLANG_WARN_SUSPICIOUS_MOVE = YES;
				CLANG_WARN_UNGUARDED_AVAILABILITY = YES_AGGRESSIVE;
				CLANG_WARN_UNREACHABLE_CODE = YES;
				CLANG_WARN__DUPLICATE_METHOD_MATCH = YES;
				COPY_PHASE_STRIP = NO;
				DEBUG_INFORMATION_FORMAT = "dwarf-with-dsym";
				ENABLE_NS_ASSERTIONS = NO;
				ENABLE_STRICT_OBJC_MSGSEND = YES;
				GCC_C_LANGUAGE_STANDARD = gnu11;
				GCC_NO_COMMON_BLOCKS = YES;
				GCC_WARN_64_TO_32_BIT_CONVERSION = YES;
				GCC_WARN_ABOUT_RETURN_TYPE = YES_ERROR;
				GCC_WARN_UNDECLARED_SELECTOR = YES;
				GCC_WARN_UNINITIALIZED_AUTOS = YES_AGGRESSIVE;
				GCC_WARN_UNUSED_FUNCTION = YES;
				GCC_WARN_UNUSED_VARIABLE = YES;
				IPHONEOS_DEPLOYMENT_TARGET = 15.5;
				MTL_ENABLE_DEBUG_INFO = NO;
				MTL_FAST_MATH = YES;
				SDKROOT = iphoneos;
				SWIFT_COMPILATION_MODE = wholemodule;
				SWIFT_OPTIMIZATION_LEVEL = "-O";
				VALIDATE_PRODUCT = YES;
			};
			name = Release;
		};
		4A80B95828C7D0EE0041B26D /* Debug */ = {
			isa = XCBuildConfiguration;
			baseConfigurationReference = 348E7CB74A42C093AA9569CA /* Pods-FirstTableView.debug.xcconfig */;
			buildSettings = {
				ASSETCATALOG_COMPILER_APPICON_NAME = AppIcon;
				ASSETCATALOG_COMPILER_GLOBAL_ACCENT_COLOR_NAME = AccentColor;
				CODE_SIGN_STYLE = Automatic;
				CURRENT_PROJECT_VERSION = 1;
				DEVELOPMENT_TEAM = GX5Y7LCPJ3;
				GENERATE_INFOPLIST_FILE = YES;
				INFOPLIST_FILE = FirstTableView/Info.plist;
				INFOPLIST_KEY_UIApplicationSupportsIndirectInputEvents = YES;
				INFOPLIST_KEY_UILaunchStoryboardName = LaunchScreen;
				INFOPLIST_KEY_UISupportedInterfaceOrientations_iPad = "UIInterfaceOrientationPortrait UIInterfaceOrientationPortraitUpsideDown UIInterfaceOrientationLandscapeLeft UIInterfaceOrientationLandscapeRight";
				INFOPLIST_KEY_UISupportedInterfaceOrientations_iPhone = "UIInterfaceOrientationPortrait UIInterfaceOrientationLandscapeLeft UIInterfaceOrientationLandscapeRight";
				LD_RUNPATH_SEARCH_PATHS = (
					"$(inherited)",
					"@executable_path/Frameworks",
				);
				MARKETING_VERSION = 1.0;
				PRODUCT_BUNDLE_IDENTIFIER = "-2.FirstTableView";
				PRODUCT_NAME = "$(TARGET_NAME)";
				SWIFT_EMIT_LOC_STRINGS = YES;
				SWIFT_VERSION = 5.0;
				TARGETED_DEVICE_FAMILY = "1,2";
			};
			name = Debug;
		};
		4A80B95928C7D0EE0041B26D /* Release */ = {
			isa = XCBuildConfiguration;
			baseConfigurationReference = 039E78C81A7DF80A92C5D2C1 /* Pods-FirstTableView.release.xcconfig */;
			buildSettings = {
				ASSETCATALOG_COMPILER_APPICON_NAME = AppIcon;
				ASSETCATALOG_COMPILER_GLOBAL_ACCENT_COLOR_NAME = AccentColor;
				CODE_SIGN_STYLE = Automatic;
				CURRENT_PROJECT_VERSION = 1;
				DEVELOPMENT_TEAM = GX5Y7LCPJ3;
				GENERATE_INFOPLIST_FILE = YES;
				INFOPLIST_FILE = FirstTableView/Info.plist;
				INFOPLIST_KEY_UIApplicationSupportsIndirectInputEvents = YES;
				INFOPLIST_KEY_UILaunchStoryboardName = LaunchScreen;
				INFOPLIST_KEY_UISupportedInterfaceOrientations_iPad = "UIInterfaceOrientationPortrait UIInterfaceOrientationPortraitUpsideDown UIInterfaceOrientationLandscapeLeft UIInterfaceOrientationLandscapeRight";
				INFOPLIST_KEY_UISupportedInterfaceOrientations_iPhone = "UIInterfaceOrientationPortrait UIInterfaceOrientationLandscapeLeft UIInterfaceOrientationLandscapeRight";
				LD_RUNPATH_SEARCH_PATHS = (
					"$(inherited)",
					"@executable_path/Frameworks",
				);
				MARKETING_VERSION = 1.0;
				PRODUCT_BUNDLE_IDENTIFIER = "-2.FirstTableView";
				PRODUCT_NAME = "$(TARGET_NAME)";
				SWIFT_EMIT_LOC_STRINGS = YES;
				SWIFT_VERSION = 5.0;
				TARGETED_DEVICE_FAMILY = "1,2";
			};
			name = Release;
		};
/* End XCBuildConfiguration section */

/* Begin XCConfigurationList section */
		4A80B93E28C7D0EE0041B26D /* Build configuration list for PBXProject "SimpleTableViewWithCellClass" */ = {
			isa = XCConfigurationList;
			buildConfigurations = (
				4A80B95528C7D0EE0041B26D /* Debug */,
				4A80B95628C7D0EE0041B26D /* Release */,
			);
			defaultConfigurationIsVisible = 0;
			defaultConfigurationName = Release;
		};
		4A80B95728C7D0EE0041B26D /* Build configuration list for PBXNativeTarget "SimpleTableViewWithCellClass" */ = {
			isa = XCConfigurationList;
			buildConfigurations = (
				4A80B95828C7D0EE0041B26D /* Debug */,
				4A80B95928C7D0EE0041B26D /* Release */,
			);
			defaultConfigurationIsVisible = 0;
			defaultConfigurationName = Release;
		};
/* End XCConfigurationList section */
	};
	rootObject = 4A80B93B28C7D0EE0041B26D /* Project object */;
}
